
Microsoft Visual Studio Solution File, Format Version 12.00
# Visual Studio Version 17
VisualStudioVersion = 17.13.35913.81
MinimumVisualStudioVersion = 10.0.40219.1
Project("{FAE04EC0-301F-11D3-BF4B-00C04F79EFBC}") = "Helpers.Tests", "Helpers.Tests\Helpers.Tests.csproj", "{8E17E696-5317-4CD7-B53B-AF1DF206636B}"
EndProject
Project("{FAE04EC0-301F-11D3-BF4B-00C04F79EFBC}") = "Helpers", "Helpers\Helpers.csproj", "{6F6A4BB9-2599-4F5F-8774-CB2D6EF6984D}"
EndProject
Global
	GlobalSection(SolutionConfigurationPlatforms) = preSolution
		Debug|Any CPU = Debug|Any CPU
		Release|Any CPU = Release|Any CPU
	EndGlobalSection
	GlobalSection(ProjectConfigurationPlatforms) = postSolution
		{8E17E696-5317-4CD7-B53B-AF1DF206636B}.Debug|Any CPU.ActiveCfg = Debug|Any CPU
		{8E17E696-5317-4CD7-B53B-AF1DF206636B}.Debug|Any CPU.Build.0 = Debug|Any CPU
		{8E17E696-5317-4CD7-B53B-AF1DF206636B}.Release|Any CPU.ActiveCfg = Release|Any CPU
		{8E17E696-5317-4CD7-B53B-AF1DF206636B}.Release|Any CPU.Build.0 = Release|Any CPU
		{6F6A4BB9-2599-4F5F-8774-CB2D6EF6984D}.Debug|Any CPU.ActiveCfg = Debug|Any CPU
		{6F6A4BB9-2599-4F5F-8774-CB2D6EF6984D}.Debug|Any CPU.Build.0 = Debug|Any CPU
		{6F6A4BB9-2599-4F5F-8774-CB2D6EF6984D}.Release|Any CPU.ActiveCfg = Release|Any CPU
		{6F6A4BB9-2599-4F5F-8774-CB2D6EF6984D}.Release|Any CPU.Build.0 = Release|Any CPU
	EndGlobalSection
	GlobalSection(SolutionProperties) = preSolution
		HideSolutionNode = FALSE
	EndGlobalSection
	GlobalSection(ExtensibilityGlobals) = postSolution
		SolutionGuid = {3E97CA37-5524-4822-9424-63EDCFD16C46}
	EndGlobalSection
EndGlobal
