
Microsoft Visual Studio Solution File, Format Version 12.00
# Visual Studio Version 17
VisualStudioVersion = 17.13.35913.81 d17.13
MinimumVisualStudioVersion = 10.0.40219.1
Project("{FAE04EC0-301F-11D3-BF4B-00C04F79EFBC}") = "FirstTestAttributes.Test", "FirstTestAttributes.Test\FirstTestAttributes.Test.csproj", "{FE90F478-10DD-4E4F-8FDA-4D95F4B1B7F1}"
EndProject
Global
	GlobalSection(SolutionConfigurationPlatforms) = preSolution
		Debug|Any CPU = Debug|Any CPU
		Release|Any CPU = Release|Any CPU
	EndGlobalSection
	GlobalSection(ProjectConfigurationPlatforms) = postSolution
		{FE90F478-10DD-4E4F-8FDA-4D95F4B1B7F1}.Debug|Any CPU.ActiveCfg = Debug|Any CPU
		{FE90F478-10DD-4E4F-8FDA-4D95F4B1B7F1}.Debug|Any CPU.Build.0 = Debug|Any CPU
		{FE90F478-10DD-4E4F-8FDA-4D95F4B1B7F1}.Release|Any CPU.ActiveCfg = Release|Any CPU
		{FE90F478-10DD-4E4F-8FDA-4D95F4B1B7F1}.Release|Any CPU.Build.0 = Release|Any CPU
	EndGlobalSection
	GlobalSection(SolutionProperties) = preSolution
		HideSolutionNode = FALSE
	EndGlobalSection
	GlobalSection(ExtensibilityGlobals) = postSolution
		SolutionGuid = {6921695A-FAD9-4B09-BE10-37ACD5D845FC}
	EndGlobalSection
EndGlobal
