
Microsoft Visual Studio Solution File, Format Version 12.00
# Visual Studio Version 17
VisualStudioVersion = 17.13.35913.81 d17.13
MinimumVisualStudioVersion = 10.0.40219.1
Project("{FAE04EC0-301F-11D3-BF4B-00C04F79EFBC}") = "StringAsserts.Test", "StringAsserts.Test\StringAsserts.Test.csproj", "{8791F437-4CD0-46C8-9D4C-ADA117E30347}"
EndProject
Global
	GlobalSection(SolutionConfigurationPlatforms) = preSolution
		Debug|Any CPU = Debug|Any CPU
		Release|Any CPU = Release|Any CPU
	EndGlobalSection
	GlobalSection(ProjectConfigurationPlatforms) = postSolution
		{8791F437-4CD0-46C8-9D4C-ADA117E30347}.Debug|Any CPU.ActiveCfg = Debug|Any CPU
		{8791F437-4CD0-46C8-9D4C-ADA117E30347}.Debug|Any CPU.Build.0 = Debug|Any CPU
		{8791F437-4CD0-46C8-9D4C-ADA117E30347}.Release|Any CPU.ActiveCfg = Release|Any CPU
		{8791F437-4CD0-46C8-9D4C-ADA117E30347}.Release|Any CPU.Build.0 = Release|Any CPU
	EndGlobalSection
	GlobalSection(SolutionProperties) = preSolution
		HideSolutionNode = FALSE
	EndGlobalSection
	GlobalSection(ExtensibilityGlobals) = postSolution
		SolutionGuid = {0637D5DC-CE34-4DFB-8108-AD647BAA8850}
	EndGlobalSection
EndGlobal
