
Microsoft Visual Studio Solution File, Format Version 12.00
# Visual Studio Version 17
VisualStudioVersion = 17.13.35913.81 d17.13
MinimumVisualStudioVersion = 10.0.40219.1
Project("{FAE04EC0-301F-11D3-BF4B-00C04F79EFBC}") = "AreSameWork.Test", "AreSameWork.Test\AreSameWork.Test.csproj", "{CF19D891-D6FC-4383-9F7C-2809AB2C22C1}"
EndProject
Global
	GlobalSection(SolutionConfigurationPlatforms) = preSolution
		Debug|Any CPU = Debug|Any CPU
		Release|Any CPU = Release|Any CPU
	EndGlobalSection
	GlobalSection(ProjectConfigurationPlatforms) = postSolution
		{CF19D891-D6FC-4383-9F7C-2809AB2C22C1}.Debug|Any CPU.ActiveCfg = Debug|Any CPU
		{CF19D891-D6FC-4383-9F7C-2809AB2C22C1}.Debug|Any CPU.Build.0 = Debug|Any CPU
		{CF19D891-D6FC-4383-9F7C-2809AB2C22C1}.Release|Any CPU.ActiveCfg = Release|Any CPU
		{CF19D891-D6FC-4383-9F7C-2809AB2C22C1}.Release|Any CPU.Build.0 = Release|Any CPU
	EndGlobalSection
	GlobalSection(SolutionProperties) = preSolution
		HideSolutionNode = FALSE
	EndGlobalSection
	GlobalSection(ExtensibilityGlobals) = postSolution
		SolutionGuid = {A3973F24-8E82-435E-883F-015AABA21BD1}
	EndGlobalSection
EndGlobal
